
Microsoft Visual Studio Solution File, Format Version 12.00
# Visual Studio Version 16
VisualStudioVersion = 16.0.31829.152
MinimumVisualStudioVersion = 10.0.40219.1
Project("{FAE04EC0-301F-11D3-BF4B-00C04F79EFBC}") = "ThiUWP", "ThiUWP\ThiUWP.csproj", "{28A76093-269F-4EC5-8BDE-96CAFCC4A45D}"
EndProject
Global
	GlobalSection(SolutionConfigurationPlatforms) = preSolution
		Debug|ARM = Debug|ARM
		Debug|ARM64 = Debug|ARM64
		Debug|x64 = Debug|x64
		Debug|x86 = Debug|x86
		Release|ARM = Release|ARM
		Release|ARM64 = Release|ARM64
		Release|x64 = Release|x64
		Release|x86 = Release|x86
	EndGlobalSection
	GlobalSection(ProjectConfigurationPlatforms) = postSolution
		{28A76093-269F-4EC5-8BDE-96CAFCC4A45D}.Debug|ARM.ActiveCfg = Debug|ARM
		{28A76093-269F-4EC5-8BDE-96CAFCC4A45D}.Debug|ARM.Build.0 = Debug|ARM
		{28A76093-269F-4EC5-8BDE-96CAFCC4A45D}.Debug|ARM.Deploy.0 = Debug|ARM
		{28A76093-269F-4EC5-8BDE-96CAFCC4A45D}.Debug|ARM64.ActiveCfg = Debug|ARM64
		{28A76093-269F-4EC5-8BDE-96CAFCC4A45D}.Debug|ARM64.Build.0 = Debug|ARM64
		{28A76093-269F-4EC5-8BDE-96CAFCC4A45D}.Debug|ARM64.Deploy.0 = Debug|ARM64
		{28A76093-269F-4EC5-8BDE-96CAFCC4A45D}.Debug|x64.ActiveCfg = Debug|x64
		{28A76093-269F-4EC5-8BDE-96CAFCC4A45D}.Debug|x64.Build.0 = Debug|x64
		{28A76093-269F-4EC5-8BDE-96CAFCC4A45D}.Debug|x64.Deploy.0 = Debug|x64
		{28A76093-269F-4EC5-8BDE-96CAFCC4A45D}.Debug|x86.ActiveCfg = Debug|x86
		{28A76093-269F-4EC5-8BDE-96CAFCC4A45D}.Debug|x86.Build.0 = Debug|x86
		{28A76093-269F-4EC5-8BDE-96CAFCC4A45D}.Debug|x86.Deploy.0 = Debug|x86
		{28A76093-269F-4EC5-8BDE-96CAFCC4A45D}.Release|ARM.ActiveCfg = Release|ARM
		{28A76093-269F-4EC5-8BDE-96CAFCC4A45D}.Release|ARM.Build.0 = Release|ARM
		{28A76093-269F-4EC5-8BDE-96CAFCC4A45D}.Release|ARM.Deploy.0 = Release|ARM
		{28A76093-269F-4EC5-8BDE-96CAFCC4A45D}.Release|ARM64.ActiveCfg = Release|ARM64
		{28A76093-269F-4EC5-8BDE-96CAFCC4A45D}.Release|ARM64.Build.0 = Release|ARM64
		{28A76093-269F-4EC5-8BDE-96CAFCC4A45D}.Release|ARM64.Deploy.0 = Release|ARM64
		{28A76093-269F-4EC5-8BDE-96CAFCC4A45D}.Release|x64.ActiveCfg = Release|x64
		{28A76093-269F-4EC5-8BDE-96CAFCC4A45D}.Release|x64.Build.0 = Release|x64
		{28A76093-269F-4EC5-8BDE-96CAFCC4A45D}.Release|x64.Deploy.0 = Release|x64
		{28A76093-269F-4EC5-8BDE-96CAFCC4A45D}.Release|x86.ActiveCfg = Release|x86
		{28A76093-269F-4EC5-8BDE-96CAFCC4A45D}.Release|x86.Build.0 = Release|x86
		{28A76093-269F-4EC5-8BDE-96CAFCC4A45D}.Release|x86.Deploy.0 = Release|x86
	EndGlobalSection
	GlobalSection(SolutionProperties) = preSolution
		HideSolutionNode = FALSE
	EndGlobalSection
	GlobalSection(ExtensibilityGlobals) = postSolution
		SolutionGuid = {C09B96DF-75BF-4C7C-8934-C8E2BB17B73B}
	EndGlobalSection
EndGlobal
